{
    "name": "binh_an_store",
    "lockfileVersion": 3,
    "requires": true,
    "packages": {
        "": {
            "dependencies": {
                "mongoose-paginate-v2": "^1.8.2"
            }
        },
        "node_modules/mongoose-paginate-v2": {
            "version": "1.8.2",
            "resolved": "https://registry.npmjs.org/mongoose-paginate-v2/-/mongoose-paginate-v2-1.8.2.tgz",
            "integrity": "sha512-T/Z3qKyKnPUa6UkH1IjHxdYnYApCAKk9zb2C0GF5hg3QETcI62AUAUQGCBE2tIw7fF4feUaDARMajj/bersyvg==",
            "engines": {
                "node": ">=4.0.0"
            }
        }
    }
}
